{
  "lockfile-version": 1,
  "manifest": {
    "schema-version": "1.10.0",
    "install": {
      "deadnix": {
        "pkg-path": "deadnix"
      },
      "nix": {
        "pkg-path": "nix"
      },
      "nix-tree": {
        "pkg-path": "nix-tree"
      },
      "nixd": {
        "pkg-path": "nixd"
      },
      "nixfmt-rfc-style": {
        "pkg-path": "nixfmt-rfc-style"
      },
      "statix": {
        "pkg-path": "statix"
      }
    },
    "vars": {
      "WORKSPACE_META": "nix-repos",
      "WORKSPACE_OWNER": "RogerNavelsaker"
    },
    "hook": {
      "on-activate": "  export META_REPO_ROOT=\"$FLOX_ENV_PROJECT\"\n  export SHARED_WORKSPACE_ROOT=\"$FLOX_ENV_PROJECT\"\n"
    },
    "profile": {
      "common": "  config() { cd \"$SHARED_WORKSPACE_ROOT/nix-config\"; }\n  lib() { cd \"$SHARED_WORKSPACE_ROOT/nix-lib\"; }\n  secrets() { cd \"$SHARED_WORKSPACE_ROOT/nix-secrets\"; }\n  keys() { cd \"$SHARED_WORKSPACE_ROOT/nix-keys\"; }\n\n  alias workspace-bootstrap=\"$META_REPO_ROOT/scripts/bootstrap\"\n  alias workspace-status=\"$META_REPO_ROOT/scripts/status\"\n  alias status-all=\"$META_REPO_ROOT/scripts/status\"\n  alias pull-all=\"$META_REPO_ROOT/scripts/pull-all\"\n  alias push-all=\"$META_REPO_ROOT/scripts/push-all\"\n  alias update-all=\"$META_REPO_ROOT/scripts/update-all\"\n  alias check-all=\"$META_REPO_ROOT/scripts/check-all\"\n  alias check='nix flake check --no-build'\n  alias fmt='nixfmt .'\n  alias show='nix flake show'\n"
    },
    "options": {
      "systems": [
        "x86_64-linux"
      ]
    }
  },
  "packages": [
    {
      "attr_path": "deadnix",
      "broken": false,
      "derivation": "/nix/store/mq4dgjhjyi1p74jysdgb9y5hx9iyyp49-deadnix-1.3.1.drv",
      "description": "Find and remove unused code in .nix source files",
      "install_id": "deadnix",
      "license": "GPL-3.0-only",
      "locked_url": "https://github.com/flox/nixpkgs?rev=b40629efe5d6ec48dd1efba650c797ddbd39ace0",
      "name": "deadnix-1.3.1",
      "pname": "deadnix",
      "rev": "b40629efe5d6ec48dd1efba650c797ddbd39ace0",
      "rev_count": 964859,
      "rev_date": "2026-03-18T08:17:15Z",
      "scrape_date": "2026-03-20T02:16:25.213296Z",
      "stabilities": [
        "unstable",
        "staging"
      ],
      "unfree": false,
      "version": "1.3.1",
      "outputs_to_install": [
        "out"
      ],
      "outputs": {
        "out": "/nix/store/mwlcc213jrh3lsj92yjbkgiiw605ip9i-deadnix-1.3.1"
      },
      "system": "x86_64-linux",
      "group": "toplevel",
      "priority": 5
    },
    {
      "attr_path": "nix",
      "broken": false,
      "derivation": "/nix/store/jzjd9bp0rzvgwcl7qh51hkhj053wwpb2-nix-2.31.3.drv",
      "description": "Nix package manager",
      "install_id": "nix",
      "license": "LGPL-2.1-or-later",
      "locked_url": "https://github.com/flox/nixpkgs?rev=b40629efe5d6ec48dd1efba650c797ddbd39ace0",
      "name": "nix-2.31.3",
      "pname": "nix",
      "rev": "b40629efe5d6ec48dd1efba650c797ddbd39ace0",
      "rev_count": 964859,
      "rev_date": "2026-03-18T08:17:15Z",
      "scrape_date": "2026-03-20T02:17:06.497338Z",
      "stabilities": [
        "unstable",
        "staging"
      ],
      "unfree": false,
      "version": "2.31.3",
      "outputs_to_install": [
        "man",
        "out"
      ],
      "outputs": {
        "dev": "/nix/store/a8xpy4d3mizld33vmf9x7335jn87cpk3-nix-2.31.3-dev",
        "doc": "/nix/store/sawrasyk9v95ldx659gqraqppfbhj7iw-nix-2.31.3-doc",
        "man": "/nix/store/vdn3x2an6cjscfc47ay2nm66g61wbl36-nix-2.31.3-man",
        "out": "/nix/store/9y9mfy2x4llw4qn0735siiw9wlnz78vy-nix-2.31.3"
      },
      "system": "x86_64-linux",
      "group": "toplevel",
      "priority": 5
    },
    {
      "attr_path": "nix-tree",
      "broken": false,
      "derivation": "/nix/store/63ddbihjwpwjwhcxmj6wv0xf5kqh9vm6-nix-tree-0.8.0.drv",
      "description": "Interactively browse a Nix store paths dependencies",
      "install_id": "nix-tree",
      "license": "BSD-3-Clause",
      "locked_url": "https://github.com/flox/nixpkgs?rev=b40629efe5d6ec48dd1efba650c797ddbd39ace0",
      "name": "nix-tree-0.8.0",
      "pname": "nix-tree",
      "rev": "b40629efe5d6ec48dd1efba650c797ddbd39ace0",
      "rev_count": 964859,
      "rev_date": "2026-03-18T08:17:15Z",
      "scrape_date": "2026-03-20T02:17:06.623838Z",
      "stabilities": [
        "unstable",
        "staging"
      ],
      "unfree": false,
      "version": "0.8.0",
      "outputs_to_install": [
        "out"
      ],
      "outputs": {
        "out": "/nix/store/x9x633k29v8nfmj5wvaj3m14jb00d795-nix-tree-0.8.0"
      },
      "system": "x86_64-linux",
      "group": "toplevel",
      "priority": 5
    },
    {
      "attr_path": "nixd",
      "broken": false,
      "derivation": "/nix/store/zwkg8h51m3jsrl42y4qxx7ljmfnxlrlb-nixd-2.9.0.drv",
      "description": "Feature-rich Nix language server interoperating with C++ nix",
      "install_id": "nixd",
      "license": "LGPL-3.0-or-later",
      "locked_url": "https://github.com/flox/nixpkgs?rev=b40629efe5d6ec48dd1efba650c797ddbd39ace0",
      "name": "nixd-2.9.0",
      "pname": "nixd",
      "rev": "b40629efe5d6ec48dd1efba650c797ddbd39ace0",
      "rev_count": 964859,
      "rev_date": "2026-03-18T08:17:15Z",
      "scrape_date": "2026-03-20T02:17:06.669048Z",
      "stabilities": [
        "unstable",
        "staging"
      ],
      "unfree": false,
      "version": "2.9.0",
      "outputs_to_install": [
        "out"
      ],
      "outputs": {
        "out": "/nix/store/blanz7b78swbvv1y9ilj79ngf4ji0npq-nixd-2.9.0"
      },
      "system": "x86_64-linux",
      "group": "toplevel",
      "priority": 5
    },
    {
      "attr_path": "nixfmt-rfc-style",
      "broken": false,
      "derivation": "/nix/store/gcz0x8z79kmmvdnpbckm5kscq9xvax66-nixfmt-1.2.0.drv",
      "description": "Official formatter for Nix code",
      "install_id": "nixfmt-rfc-style",
      "license": "MPL-2.0",
      "locked_url": "https://github.com/flox/nixpkgs?rev=b40629efe5d6ec48dd1efba650c797ddbd39ace0",
      "name": "nixfmt-1.2.0",
      "pname": "nixfmt-rfc-style",
      "rev": "b40629efe5d6ec48dd1efba650c797ddbd39ace0",
      "rev_count": 964859,
      "rev_date": "2026-03-18T08:17:15Z",
      "scrape_date": "2026-03-20T02:17:06.682068Z",
      "stabilities": [
        "unstable",
        "staging"
      ],
      "unfree": false,
      "version": "1.2.0",
      "outputs_to_install": [
        "out"
      ],
      "outputs": {
        "out": "/nix/store/ihzhi2cgjfhvqbap36fx91hbj524ym5l-nixfmt-1.2.0"
      },
      "system": "x86_64-linux",
      "group": "toplevel",
      "priority": 5
    },
    {
      "attr_path": "statix",
      "broken": false,
      "derivation": "/nix/store/2f2zim1yg9sk8r05p5r6jvl0n66af6sd-statix-0.5.8.drv",
      "description": "Lints and suggestions for the nix programming language",
      "install_id": "statix",
      "license": "MIT",
      "locked_url": "https://github.com/flox/nixpkgs?rev=b40629efe5d6ec48dd1efba650c797ddbd39ace0",
      "name": "statix-0.5.8",
      "pname": "statix",
      "rev": "b40629efe5d6ec48dd1efba650c797ddbd39ace0",
      "rev_count": 964859,
      "rev_date": "2026-03-18T08:17:15Z",
      "scrape_date": "2026-03-20T02:19:04.310Z",
      "stabilities": [
        "unstable",
        "staging"
      ],
      "unfree": false,
      "version": "0.5.8",
      "outputs_to_install": [
        "out"
      ],
      "outputs": {
        "out": "/nix/store/hdlbanz4xxvr8dhavmslh4szvpr2ggbc-statix-0.5.8"
      },
      "system": "x86_64-linux",
      "group": "toplevel",
      "priority": 5
    }
  ]
}
